// !$*UTF8*$!
{
	archiveVersion = 1;
	classes = {
	};
	objectVersion = 46;
	objects = {

/* Begin PBXBuildFile section */
		3B2FB8A61334BA30001072A2 /* UIKit.framework in Frameworks */ = {isa = PBXBuildFile; fileRef = 3B2FB8A51334BA30001072A2 /* UIKit.framework */; };
		3B2FB8A81334BA30001072A2 /* Foundation.framework in Frameworks */ = {isa = PBXBuildFile; fileRef = 3B2FB8A71334BA30001072A2 /* Foundation.framework */; };
		3B2FB8AA1334BA30001072A2 /* CoreGraphics.framework in Frameworks */ = {isa = PBXBuildFile; fileRef = 3B2FB8A91334BA30001072A2 /* CoreGraphics.framework */; };
		3B2FB8B01334BA30001072A2 /* InfoPlist.strings in Resources */ = {isa = PBXBuildFile; fileRef = 3B2FB8AE1334BA30001072A2 /* InfoPlist.strings */; };
		3B2FB8B31334BA30001072A2 /* main.m in Sources */ = {isa = PBXBuildFile; fileRef = 3B2FB8B21334BA30001072A2 /* main.m */; };
		3B2FB8B61334BA30001072A2 /* ImagingUINavigationBarAppDelegate.m in Sources */ = {isa = PBXBuildFile; fileRef = 3B2FB8B51334BA30001072A2 /* ImagingUINavigationBarAppDelegate.m */; };
		3B2FB8B91334BA30001072A2 /* MainWindow.xib in Resources */ = {isa = PBXBuildFile; fileRef = 3B2FB8B71334BA30001072A2 /* MainWindow.xib */; };
		3B2FB8BC1334BA30001072A2 /* RootViewController.m in Sources */ = {isa = PBXBuildFile; fileRef = 3B2FB8BB1334BA30001072A2 /* RootViewController.m */; };
		3B2FB8BF1334BA30001072A2 /* RootViewController.xib in Resources */ = {isa = PBXBuildFile; fileRef = 3B2FB8BD1334BA30001072A2 /* RootViewController.xib */; };
/* End PBXBuildFile section */

/* Begin PBXFileReference section */
		3B2FB8A11334BA30001072A2 /* ImagingUINavigationBar.app */ = {isa = PBXFileReference; explicitFileType = wrapper.application; includeInIndex = 0; path = ImagingUINavigationBar.app; sourceTree = BUILT_PRODUCTS_DIR; };
		3B2FB8A51334BA30001072A2 /* UIKit.framework */ = {isa = PBXFileReference; lastKnownFileType = wrapper.framework; name = UIKit.framework; path = System/Library/Frameworks/UIKit.framework; sourceTree = SDKROOT; };
		3B2FB8A71334BA30001072A2 /* Foundation.framework */ = {isa = PBXFileReference; lastKnownFileType = wrapper.framework; name = Foundation.framework; path = System/Library/Frameworks/Foundation.framework; sourceTree = SDKROOT; };
		3B2FB8A91334BA30001072A2 /* CoreGraphics.framework */ = {isa = PBXFileReference; lastKnownFileType = wrapper.framework; name = CoreGraphics.framework; path = System/Library/Frameworks/CoreGraphics.framework; sourceTree = SDKROOT; };
		3B2FB8AD1334BA30001072A2 /* ImagingUINavigationBar-Info.plist */ = {isa = PBXFileReference; path = "ImagingUINavigationBar-Info.plist"; sourceTree = "<group>"; };
		3B2FB8AF1334BA30001072A2 /* en */ = {isa = PBXFileReference; lastKnownFileType = text.plist.strings; name = en; path = en.lproj/InfoPlist.strings; sourceTree = "<group>"; };
		3B2FB8B11334BA30001072A2 /* ImagingUINavigationBar-Prefix.pch */ = {isa = PBXFileReference; path = "ImagingUINavigationBar-Prefix.pch"; sourceTree = "<group>"; };
		3B2FB8B21334BA30001072A2 /* main.m */ = {isa = PBXFileReference; lastKnownFileType = sourcecode.c.objc; path = main.m; sourceTree = "<group>"; };
		3B2FB8B41334BA30001072A2 /* ImagingUINavigationBarAppDelegate.h */ = {isa = PBXFileReference; path = ImagingUINavigationBarAppDelegate.h; sourceTree = "<group>"; };
		3B2FB8B51334BA30001072A2 /* ImagingUINavigationBarAppDelegate.m */ = {isa = PBXFileReference; lastKnownFileType = sourcecode.c.objc; path = ImagingUINavigationBarAppDelegate.m; sourceTree = "<group>"; };
		3B2FB8B81334BA30001072A2 /* en */ = {isa = PBXFileReference; lastKnownFileType = file.xib; name = en; path = en.lproj/MainWindow.xib; sourceTree = "<group>"; };
		3B2FB8BA1334BA30001072A2 /* RootViewController.h */ = {isa = PBXFileReference; path = RootViewController.h; sourceTree = "<group>"; };
		3B2FB8BB1334BA30001072A2 /* RootViewController.m */ = {isa = PBXFileReference; lastKnownFileType = sourcecode.c.objc; path = RootViewController.m; sourceTree = "<group>"; };
		3B2FB8BE1334BA30001072A2 /* en */ = {isa = PBXFileReference; lastKnownFileType = file.xib; name = en; path = en.lproj/RootViewController.xib; sourceTree = "<group>"; };
/* End PBXFileReference section */

/* Begin PBXFrameworksBuildPhase section */
		3B2FB89E1334BA30001072A2 /* Frameworks */ = {
			isa = PBXFrameworksBuildPhase;
			buildActionMask = 2147483647;
			files = (
				3B2FB8A61334BA30001072A2 /* UIKit.framework in Frameworks */,
				3B2FB8A81334BA30001072A2 /* Foundation.framework in Frameworks */,
				3B2FB8AA1334BA30001072A2 /* CoreGraphics.framework in Frameworks */,
			);
			runOnlyForDeploymentPostprocessing = 0;
		};
/* End PBXFrameworksBuildPhase section */

/* Begin PBXGroup section */
		3B2FB8961334BA30001072A2 = {
			isa = PBXGroup;
			children = (
				3B2FB8AB1334BA30001072A2 /* ImagingUINavigationBar */,
				3B2FB8A41334BA30001072A2 /* Frameworks */,
				3B2FB8A21334BA30001072A2 /* Products */,
			);
			sourceTree = "<group>";
		};
		3B2FB8A21334BA30001072A2 /* Products */ = {
			isa = PBXGroup;
			children = (
				3B2FB8A11334BA30001072A2 /* ImagingUINavigationBar.app */,
			);
			name = Products;
			sourceTree = "<group>";
		};
		3B2FB8A41334BA30001072A2 /* Frameworks */ = {
			isa = PBXGroup;
			children = (
				3B2FB8A51334BA30001072A2 /* UIKit.framework */,
				3B2FB8A71334BA30001072A2 /* Foundation.framework */,
				3B2FB8A91334BA30001072A2 /* CoreGraphics.framework */,
			);
			name = Frameworks;
			sourceTree = "<group>";
		};
		3B2FB8AB1334BA30001072A2 /* ImagingUINavigationBar */ = {
			isa = PBXGroup;
			children = (
				3B2FB8B41334BA30001072A2 /* ImagingUINavigationBarAppDelegate.h */,
				3B2FB8B51334BA30001072A2 /* ImagingUINavigationBarAppDelegate.m */,
				3B2FB8B71334BA30001072A2 /* MainWindow.xib */,
				3B2FB8BA1334BA30001072A2 /* RootViewController.h */,
				3B2FB8BB1334BA30001072A2 /* RootViewController.m */,
				3B2FB8BD1334BA30001072A2 /* RootViewController.xib */,
				3B2FB8AC1334BA30001072A2 /* Supporting Files */,
			);
			path = ImagingUINavigationBar;
			sourceTree = "<group>";
		};
		3B2FB8AC1334BA30001072A2 /* Supporting Files */ = {
			isa = PBXGroup;
			children = (
				3B2FB8AD1334BA30001072A2 /* ImagingUINavigationBar-Info.plist */,
				3B2FB8AE1334BA30001072A2 /* InfoPlist.strings */,
				3B2FB8B11334BA30001072A2 /* ImagingUINavigationBar-Prefix.pch */,
				3B2FB8B21334BA30001072A2 /* main.m */,
			);
			name = "Supporting Files";
			sourceTree = "<group>";
		};
/* End PBXGroup section */

/* Begin PBXNativeTarget section */
		3B2FB8A01334BA30001072A2 /* ImagingUINavigationBar */ = {
			isa = PBXNativeTarget;
			buildConfigurationList = 3B2FB8C21334BA30001072A2 /* Build configuration list for PBXNativeTarget "ImagingUINavigationBar" */;
			buildPhases = (
				3B2FB89D1334BA30001072A2 /* Sources */,
				3B2FB89E1334BA30001072A2 /* Frameworks */,
				3B2FB89F1334BA30001072A2 /* Resources */,
			);
			buildRules = (
			);
			dependencies = (
			);
			name = ImagingUINavigationBar;
			productName = ImagingUINavigationBar;
			productReference = 3B2FB8A11334BA30001072A2 /* ImagingUINavigationBar.app */;
			productType = "com.apple.product-type.application";
		};
/* End PBXNativeTarget section */

/* Begin PBXProject section */
		3B2FB8981334BA30001072A2 /* Project object */ = {
			isa = PBXProject;
			attributes = {
				ORGANIZATIONNAME = "iphone developer";
			};
			buildConfigurationList = 3B2FB89B1334BA30001072A2 /* Build configuration list for PBXProject "ImagingUINavigationBar" */;
			compatibilityVersion = "Xcode 3.2";
			developmentRegion = English;
			hasScannedForEncodings = 0;
			knownRegions = (
				en,
			);
			mainGroup = 3B2FB8961334BA30001072A2;
			productRefGroup = 3B2FB8A21334BA30001072A2 /* Products */;
			projectDirPath = "";
			projectRoot = "";
			targets = (
				3B2FB8A01334BA30001072A2 /* ImagingUINavigationBar */,
			);
		};
/* End PBXProject section */

/* Begin PBXResourcesBuildPhase section */
		3B2FB89F1334BA30001072A2 /* Resources */ = {
			isa = PBXResourcesBuildPhase;
			buildActionMask = 2147483647;
			files = (
				3B2FB8B01334BA30001072A2 /* InfoPlist.strings in Resources */,
				3B2FB8B91334BA30001072A2 /* MainWindow.xib in Resources */,
				3B2FB8BF1334BA30001072A2 /* RootViewController.xib in Resources */,
			);
			runOnlyForDeploymentPostprocessing = 0;
		};
/* End PBXResourcesBuildPhase section */

/* Begin PBXSourcesBuildPhase section */
		3B2FB89D1334BA30001072A2 /* Sources */ = {
			isa = PBXSourcesBuildPhase;
			buildActionMask = 2147483647;
			files = (
				3B2FB8B31334BA30001072A2 /* main.m in Sources */,
				3B2FB8B61334BA30001072A2 /* ImagingUINavigationBarAppDelegate.m in Sources */,
				3B2FB8BC1334BA30001072A2 /* RootViewController.m in Sources */,
			);
			runOnlyForDeploymentPostprocessing = 0;
		};
/* End PBXSourcesBuildPhase section */

/* Begin PBXVariantGroup section */
		3B2FB8AE1334BA30001072A2 /* InfoPlist.strings */ = {
			isa = PBXVariantGroup;
			children = (
				3B2FB8AF1334BA30001072A2 /* en */,
			);
			name = InfoPlist.strings;
			sourceTree = "<group>";
		};
		3B2FB8B71334BA30001072A2 /* MainWindow.xib */ = {
			isa = PBXVariantGroup;
			children = (
				3B2FB8B81334BA30001072A2 /* en */,
			);
			name = MainWindow.xib;
			sourceTree = "<group>";
		};
		3B2FB8BD1334BA30001072A2 /* RootViewController.xib */ = {
			isa = PBXVariantGroup;
			children = (
				3B2FB8BE1334BA30001072A2 /* en */,
			);
			name = RootViewController.xib;
			sourceTree = "<group>";
		};
/* End PBXVariantGroup section */

/* Begin XCBuildConfiguration section */
		3B2FB8C01334BA30001072A2 /* Debug */ = {
			isa = XCBuildConfiguration;
			buildSettings = {
				ARCHS = "$(ARCHS_STANDARD_32_BIT)";
				"CODE_SIGN_IDENTITY[sdk=iphoneos*]" = "iPhone Developer";
				GCC_C_LANGUAGE_STANDARD = gnu99;
				GCC_OPTIMIZATION_LEVEL = 0;
				GCC_PREPROCESSOR_DEFINITIONS = DEBUG;
				GCC_SYMBOLS_PRIVATE_EXTERN = NO;
				GCC_VERSION = com.apple.compilers.llvmgcc42;
				GCC_WARN_ABOUT_RETURN_TYPE = YES;
				GCC_WARN_UNUSED_VARIABLE = YES;
				IPHONEOS_DEPLOYMENT_TARGET = 4.3;
				SDKROOT = iphoneos;
			};
			name = Debug;
		};
		3B2FB8C11334BA30001072A2 /* Release */ = {
			isa = XCBuildConfiguration;
			buildSettings = {
				ARCHS = "$(ARCHS_STANDARD_32_BIT)";
				"CODE_SIGN_IDENTITY[sdk=iphoneos*]" = "iPhone Developer";
				GCC_C_LANGUAGE_STANDARD = gnu99;
				GCC_VERSION = com.apple.compilers.llvmgcc42;
				GCC_WARN_ABOUT_RETURN_TYPE = YES;
				GCC_WARN_UNUSED_VARIABLE = YES;
				IPHONEOS_DEPLOYMENT_TARGET = 4.3;
				OTHER_CFLAGS = "-DNS_BLOCK_ASSERTIONS=1";
				SDKROOT = iphoneos;
			};
			name = Release;
		};
		3B2FB8C31334BA30001072A2 /* Debug */ = {
			isa = XCBuildConfiguration;
			buildSettings = {
				ALWAYS_SEARCH_USER_PATHS = NO;
				COPY_PHASE_STRIP = NO;
				GCC_DYNAMIC_NO_PIC = NO;
				GCC_PRECOMPILE_PREFIX_HEADER = YES;
				GCC_PREFIX_HEADER = "ImagingUINavigationBar/ImagingUINavigationBar-Prefix.pch";
				INFOPLIST_FILE = "ImagingUINavigationBar/ImagingUINavigationBar-Info.plist";
				PRODUCT_NAME = "$(TARGET_NAME)";
				WRAPPER_EXTENSION = app;
			};
			name = Debug;
		};
		3B2FB8C41334BA30001072A2 /* Release */ = {
			isa = XCBuildConfiguration;
			buildSettings = {
				ALWAYS_SEARCH_USER_PATHS = NO;
				COPY_PHASE_STRIP = YES;
				GCC_PRECOMPILE_PREFIX_HEADER = YES;
				GCC_PREFIX_HEADER = "ImagingUINavigationBar/ImagingUINavigationBar-Prefix.pch";
				INFOPLIST_FILE = "ImagingUINavigationBar/ImagingUINavigationBar-Info.plist";
				PRODUCT_NAME = "$(TARGET_NAME)";
				VALIDATE_PRODUCT = YES;
				WRAPPER_EXTENSION = app;
			};
			name = Release;
		};
/* End XCBuildConfiguration section */

/* Begin XCConfigurationList section */
		3B2FB89B1334BA30001072A2 /* Build configuration list for PBXProject "ImagingUINavigationBar" */ = {
			isa = XCConfigurationList;
			buildConfigurations = (
				3B2FB8C01334BA30001072A2 /* Debug */,
				3B2FB8C11334BA30001072A2 /* Release */,
			);
			defaultConfigurationIsVisible = 0;
			defaultConfigurationName = Release;
		};
		3B2FB8C21334BA30001072A2 /* Build configuration list for PBXNativeTarget "ImagingUINavigationBar" */ = {
			isa = XCConfigurationList;
			buildConfigurations = (
				3B2FB8C31334BA30001072A2 /* Debug */,
				3B2FB8C41334BA30001072A2 /* Release */,
			);
			defaultConfigurationIsVisible = 0;
		};
/* End XCConfigurationList section */
	};
	rootObject = 3B2FB8981334BA30001072A2 /* Project object */;
}
